
Microsoft Visual Studio Solution File, Format Version 12.00
Project("{FAE04EC0-301F-11D3-BF4B-00C04F79EFBC}") = "DarkModeSwitcher", "DarkModeSwitcher\DarkModeSwitcher.csproj", "{31EE1910-06A7-4AE9-9C3A-E6762EB4A9EE}"
EndProject
Global
	GlobalSection(SolutionConfigurationPlatforms) = preSolution
		Debug|Any CPU = Debug|Any CPU
		Release|Any CPU = Release|Any CPU
	EndGlobalSection
	GlobalSection(ProjectConfigurationPlatforms) = postSolution
		{31EE1910-06A7-4AE9-9C3A-E6762EB4A9EE}.Debug|Any CPU.ActiveCfg = Debug|Any CPU
		{31EE1910-06A7-4AE9-9C3A-E6762EB4A9EE}.Debug|Any CPU.Build.0 = Debug|Any CPU
		{31EE1910-06A7-4AE9-9C3A-E6762EB4A9EE}.Release|Any CPU.ActiveCfg = Release|Any CPU
		{31EE1910-06A7-4AE9-9C3A-E6762EB4A9EE}.Release|Any CPU.Build.0 = Release|Any CPU
	EndGlobalSection
EndGlobal
